version = 1
revision = 5
requires-python = ">=3.14"

[[package]]
name = "cffi"
version = "2.0.0"
source = { registry = "https://pypi.org/simple" }
dependencies = [
    { name = "pycparser", marker = "implementation_name != 'PyPy'" },
]
sdist = { url = "https://files.pythonhosted.org/packages/eb/56/b1ba7935a17738ae8453301356628e8147c79dbb825bcbc73dc7401f9846/cffi-2.0.0.tar.gz", hash = "sha256:44d1b5909021139fe36001ae048dbdde8214afa20200eda0f64c068cac5d5529", size = 523588, upload-time = "2025-09-08T23:24:04.541Z" }
wheels = [
    { url = "https://files.pythonhosted.org/packages/92/c4/3ce07396253a83250ee98564f8d7e9789fab8e58858f35d07a9a2c78de9f/cffi-2.0.0-cp314-cp314-macosx_10_13_x86_64.whl", hash = "sha256:fc33c5141b55ed366cfaad382df24fe7dcbc686de5be719b207bb248e3053dc5", size = 185320, upload-time = "2025-09-08T23:23:18.087Z" },
    { url = "https://files.pythonhosted.org/packages/59/dd/27e9fa567a23931c838c6b02d0764611c62290062a6d4e8ff7863daf9730/cffi-2.0.0-cp314-cp314-macosx_11_0_arm64.whl", hash = "sha256:c654de545946e0db659b3400168c9ad31b5d29593291482c43e3564effbcee13", size = 181487, upload-time = "2025-09-08T23:23:19.622Z" },
    { url = "https://files.pythonhosted.org/packages/d6/43/0e822876f87ea8a4ef95442c3d766a06a51fc5298823f884ef87aaad168c/cffi-2.0.0-cp314-cp314-manylinux2014_aarch64.manylinux_2_17_aarch64.whl", hash = "sha256:24b6f81f1983e6df8db3adc38562c83f7d4a0c36162885ec7f7b77c7dcbec97b", size = 220049, upload-time = "2025-09-08T23:23:20.853Z" },
    { url = "https://files.pythonhosted.org/packages/b4/89/76799151d9c2d2d1ead63c2429da9ea9d7aac304603de0c6e8764e6e8e70/cffi-2.0.0-cp314-cp314-manylinux2014_ppc64le.manylinux_2_17_ppc64le.whl", hash = "sha256:12873ca6cb9b0f0d3a0da705d6086fe911591737a59f28b7936bdfed27c0d47c", size = 207793, upload-time = "2025-09-08T23:23:22.08Z" },
    { url = "https://files.pythonhosted.org/packages/bb/dd/3465b14bb9e24ee24cb88c9e3730f6de63111fffe513492bf8c808a3547e/cffi-2.0.0-cp314-cp314-manylinux2014_s390x.manylinux_2_17_s390x.whl", hash = "sha256:d9b97165e8aed9272a6bb17c01e3cc5871a594a446ebedc996e2397a1c1ea8ef", size = 206300, upload-time = "2025-09-08T23:23:23.314Z" },
    { url = "https://files.pythonhosted.org/packages/47/d9/d83e293854571c877a92da46fdec39158f8d7e68da75bf73581225d28e90/cffi-2.0.0-cp314-cp314-manylinux2014_x86_64.manylinux_2_17_x86_64.whl", hash = "sha256:afb8db5439b81cf9c9d0c80404b60c3cc9c3add93e114dcae767f1477cb53775", size = 219244, upload-time = "2025-09-08T23:23:24.541Z" },
    { url = "https://files.pythonhosted.org/packages/2b/0f/1f177e3683aead2bb00f7679a16451d302c436b5cbf2505f0ea8146ef59e/cffi-2.0.0-cp314-cp314-musllinux_1_2_aarch64.whl", hash = "sha256:737fe7d37e1a1bffe70bd5754ea763a62a066dc5913ca57e957824b72a85e205", size = 222828, upload-time = "2025-09-08T23:23:26.143Z" },
    { url = "https://files.pythonhosted.org/packages/c6/0f/cafacebd4b040e3119dcb32fed8bdef8dfe94da653155f9d0b9dc660166e/cffi-2.0.0-cp314-cp314-musllinux_1_2_x86_64.whl", hash = "sha256:38100abb9d1b1435bc4cc340bb4489635dc2f0da7456590877030c9b3d40b0c1", size = 220926, upload-time = "2025-09-08T23:23:27.873Z" },
    { url = "https://files.pythonhosted.org/packages/3e/aa/df335faa45b395396fcbc03de2dfcab242cd61a9900e914fe682a59170b1/cffi-2.0.0-cp314-cp314-win32.whl", hash = "sha256:087067fa8953339c723661eda6b54bc98c5625757ea62e95eb4898ad5e776e9f", size = 175328, upload-time = "2025-09-08T23:23:44.61Z" },
    { url = "https://files.pythonhosted.org/packages/bb/92/882c2d30831744296ce713f0feb4c1cd30f346ef747b530b5318715cc367/cffi-2.0.0-cp314-cp314-win_amd64.whl", hash = "sha256:203a48d1fb583fc7d78a4c6655692963b860a417c0528492a6bc21f1aaefab25", size = 185650, upload-time = "2025-09-08T23:23:45.848Z" },
    { url = "https://files.pythonhosted.org/packages/9f/2c/98ece204b9d35a7366b5b2c6539c350313ca13932143e79dc133ba757104/cffi-2.0.0-cp314-cp314-win_arm64.whl", hash = "sha256:dbd5c7a25a7cb98f5ca55d258b103a2054f859a46ae11aaf23134f9cc0d356ad", size = 180687, upload-time = "2025-09-08T23:23:47.105Z" },
    { url = "https://files.pythonhosted.org/packages/3e/61/c768e4d548bfa607abcda77423448df8c471f25dbe64fb2ef6d555eae006/cffi-2.0.0-cp314-cp314t-macosx_10_13_x86_64.whl", hash = "sha256:9a67fc9e8eb39039280526379fb3a70023d77caec1852002b4da7e8b270c4dd9", size = 188773, upload-time = "2025-09-08T23:23:29.347Z" },
    { url = "https://files.pythonhosted.org/packages/2c/ea/5f76bce7cf6fcd0ab1a1058b5af899bfbef198bea4d5686da88471ea0336/cffi-2.0.0-cp314-cp314t-macosx_11_0_arm64.whl", hash = "sha256:7a66c7204d8869299919db4d5069a82f1561581af12b11b3c9f48c584eb8743d", size = 185013, upload-time = "2025-09-08T23:23:30.63Z" },
    { url = "https://files.pythonhosted.org/packages/be/b4/c56878d0d1755cf9caa54ba71e5d049479c52f9e4afc230f06822162ab2f/cffi-2.0.0-cp314-cp314t-manylinux2014_aarch64.manylinux_2_17_aarch64.whl", hash = "sha256:7cc09976e8b56f8cebd752f7113ad07752461f48a58cbba644139015ac24954c", size = 221593, upload-time = "2025-09-08T23:23:31.91Z" },
    { url = "https://files.pythonhosted.org/packages/e0/0d/eb704606dfe8033e7128df5e90fee946bbcb64a04fcdaa97321309004000/cffi-2.0.0-cp314-cp314t-manylinux2014_ppc64le.manylinux_2_17_ppc64le.whl", hash = "sha256:92b68146a71df78564e4ef48af17551a5ddd142e5190cdf2c5624d0c3ff5b2e8", size = 209354, upload-time = "2025-09-08T23:23:33.214Z" },
    { url = "https://files.pythonhosted.org/packages/d8/19/3c435d727b368ca475fb8742ab97c9cb13a0de600ce86f62eab7fa3eea60/cffi-2.0.0-cp314-cp314t-manylinux2014_s390x.manylinux_2_17_s390x.whl", hash = "sha256:b1e74d11748e7e98e2f426ab176d4ed720a64412b6a15054378afdb71e0f37dc", size = 208480, upload-time = "2025-09-08T23:23:34.495Z" },
    { url = "https://files.pythonhosted.org/packages/d0/44/681604464ed9541673e486521497406fadcc15b5217c3e326b061696899a/cffi-2.0.0-cp314-cp314t-manylinux2014_x86_64.manylinux_2_17_x86_64.whl", hash = "sha256:28a3a209b96630bca57cce802da70c266eb08c6e97e5afd61a75611ee6c64592", size = 221584, upload-time = "2025-09-08T23:23:36.096Z" },
    { url = "https://files.pythonhosted.org/packages/25/8e/342a504ff018a2825d395d44d63a767dd8ebc927ebda557fecdaca3ac33a/cffi-2.0.0-cp314-cp314t-musllinux_1_2_aarch64.whl", hash = "sha256:7553fb2090d71822f02c629afe6042c299edf91ba1bf94951165613553984512", size = 224443, upload-time = "2025-09-08T23:23:37.328Z" },
    { url = "https://files.pythonhosted.org/packages/e1/5e/b666bacbbc60fbf415ba9988324a132c9a7a0448a9a8f125074671c0f2c3/cffi-2.0.0-cp314-cp314t-musllinux_1_2_x86_64.whl", hash = "sha256:6c6c373cfc5c83a975506110d17457138c8c63016b563cc9ed6e056a82f13ce4", size = 223437, upload-time = "2025-09-08T23:23:38.945Z" },
    { url = "https://files.pythonhosted.org/packages/a0/1d/ec1a60bd1a10daa292d3cd6bb0b359a81607154fb8165f3ec95fe003b85c/cffi-2.0.0-cp314-cp314t-win32.whl", hash = "sha256:1fc9ea04857caf665289b7a75923f2c6ed559b8298a1b8c49e59f7dd95c8481e", size = 180487, upload-time = "2025-09-08T23:23:40.423Z" },
    { url = "https://files.pythonhosted.org/packages/bf/41/4c1168c74fac325c0c8156f04b6749c8b6a8f405bbf91413ba088359f60d/cffi-2.0.0-cp314-cp314t-win_amd64.whl", hash = "sha256:d68b6cef7827e8641e8ef16f4494edda8b36104d79773a334beaa1e3521430f6", size = 191726, upload-time = "2025-09-08T23:23:41.742Z" },
    { url = "https://files.pythonhosted.org/packages/ae/3a/dbeec9d1ee0844c679f6bb5d6ad4e9f198b1224f4e7a32825f47f6192b0c/cffi-2.0.0-cp314-cp314t-win_arm64.whl", hash = "sha256:0a1527a803f0a659de1af2e1fd700213caba79377e27e4693648c2923da066f9", size = 184195, upload-time = "2025-09-08T23:23:43.004Z" },
]

[[package]]
name = "click"
version = "8.4.1"
source = { registry = "https://pypi.org/simple" }
dependencies = [
    { name = "colorama", marker = "sys_platform == 'win32'" },
]
sdist = { url = "https://files.pythonhosted.org/packages/9b/98/518d8e5081007684232226f475082b30087d0f585e8457db087298259f49/click-8.4.1.tar.gz", hash = "sha256:918b5633eddf6b41c32d4f454bf0de810065c74e3f7dbf8ee5452f8be88d3e96", size = 353007, upload-time = "2026-05-22T04:08:37.769Z" }
wheels = [
    { url = "https://files.pythonhosted.org/packages/c7/0d/67e5b4109ea4a837e80daa87c2c696711955e40449a97e8926672534def2/click-8.4.1-py3-none-any.whl", hash = "sha256:482be17c6991b8c19c5429a1e995d9b0efdbb63172824c41f99965dc0ade8ec2", size = 116639, upload-time = "2026-05-22T04:08:35.26Z" },
]

[[package]]
name = "colorama"
version = "0.4.6"
source = { registry = "https://pypi.org/simple" }
sdist = { url = "https://files.pythonhosted.org/packages/d8/53/6f443c9a4a8358a93a6792e2acffb9d9d5cb0a5cfd8802644b7b1c9a02e4/colorama-0.4.6.tar.gz", hash = "sha256:08695f5cb7ed6e0531a20572697297273c47b8cae5a63ffc6d6ed5c201be6e44", size = 27697, upload-time = "2022-10-25T02:36:22.414Z" }
wheels = [
    { url = "https://files.pythonhosted.org/packages/d1/d6/3965ed04c63042e047cb6a3e6ed1a63a35087b6a609aa3a15ed8ac56c221/colorama-0.4.6-py2.py3-none-any.whl", hash = "sha256:4f1d9991f5acc0ca119f9d443620b77f9d6b33703e51011c16baf57afb285fc6", size = 25335, upload-time = "2022-10-25T02:36:20.889Z" },
]

[[package]]
name = "cryptography"
version = "48.0.1"
source = { registry = "https://pypi.org/simple" }
dependencies = [
    { name = "cffi", marker = "platform_python_implementation != 'PyPy'" },
]
sdist = { url = "https://files.pythonhosted.org/packages/12/45/870e7f4bef50e5f53b9f51d4428aee5290eedf58ba443f16b1ebb7ab8e66/cryptography-48.0.1.tar.gz", hash = "sha256:266f4ee051abb2f725b74ef8072b521ce1feacf685a3364fa6a6b45548db791a", size = 832989, upload-time = "2026-06-09T22:32:31.8Z" }
wheels = [
    { url = "https://files.pythonhosted.org/packages/1b/bc/ee4137cbbe105652c0ee4252792b78fc8e7afa4b8e61d9d5dc05a7f45731/cryptography-48.0.1-cp311-abi3-macosx_10_9_universal2.whl", hash = "sha256:3e4a1a3232eef2e6c732827d5722db29a0cc8b27af2a4d865b094cf954be9ca1", size = 8008324, upload-time = "2026-06-09T22:31:00.702Z" },
    { url = "https://files.pythonhosted.org/packages/d5/85/6379d42181bfc713094f081360fc5784d6c816b599d45e7f082502d173ce/cryptography-48.0.1-cp311-abi3-manylinux2014_aarch64.manylinux_2_17_aarch64.whl", hash = "sha256:32143b24adb918f078134e1e230f1eb8cc04886b92c28b5f0041aaf3e5699225", size = 4696243, upload-time = "2026-06-09T22:32:33.446Z" },
    { url = "https://files.pythonhosted.org/packages/9c/87/c85d147b53323c7eb4d850920c8901377323c2a0ff8d79c262d4fee89aa2/cryptography-48.0.1-cp311-abi3-manylinux2014_x86_64.manylinux_2_17_x86_64.whl", hash = "sha256:f0d27a5696721ef7a672b8c810f6aded391058e0b9486e63e6d93baf765da691", size = 4713235, upload-time = "2026-06-09T22:31:40.141Z" },
    { url = "https://files.pythonhosted.org/packages/79/58/67cbf8cf1ee7c54b439ca07bbecf8362c07afc11a3724fea70f745784add/cryptography-48.0.1-cp311-abi3-manylinux_2_28_aarch64.whl", hash = "sha256:eb86ce1af36fe65041b6db9a8bb064ee621a7e5fded0f80d475ec243477cd242", size = 4702323, upload-time = "2026-06-09T22:31:42.191Z" },
    { url = "https://files.pythonhosted.org/packages/89/c6/24266ac10c47f6cd2a865f4446062b466da1d1f10b27189eac00e61bf0c9/cryptography-48.0.1-cp311-abi3-manylinux_2_28_ppc64le.whl", hash = "sha256:b024e784ad6c077ee0147b35ea9cbfc1e34e1fd4c1dcca214c2794d73a12df08", size = 5300085, upload-time = "2026-06-09T22:31:58.703Z" },
    { url = "https://files.pythonhosted.org/packages/d2/bb/cc4b78784f97efc8c5874c2a9743708d172be6663024b34a0467885ae0c8/cryptography-48.0.1-cp311-abi3-manylinux_2_28_x86_64.whl", hash = "sha256:3752f2dbc8f07a30aad2932c986cea495b03bb554887828225da104f732852b6", size = 4746137, upload-time = "2026-06-09T22:31:31.01Z" },
    { url = "https://files.pythonhosted.org/packages/1f/52/0c44de3f5267f8fbe8e835138017522a333436166e406f0db9b9e6e3033f/cryptography-48.0.1-cp311-abi3-manylinux_2_31_armv7l.whl", hash = "sha256:bd81490cd5801d755cf97bb68ac191f14b708470b1c7cf4580f669b9c9264cd8", size = 4333867, upload-time = "2026-06-09T22:32:28.096Z" },
    { url = "https://files.pythonhosted.org/packages/9a/2e/772d7adbfa931537bc401640b7cac9976bff689bda187833e5d63b428e49/cryptography-48.0.1-cp311-abi3-manylinux_2_34_aarch64.whl", hash = "sha256:66fd0771e7b9c6dcd44cf1120690d2338d16d72795cf40cae2786a39eba65429", size = 4701805, upload-time = "2026-06-09T22:31:38.284Z" },
    { url = "https://files.pythonhosted.org/packages/f8/a3/b06844f303873493c963caf581c04df31c7035e0c1b0f02c4814d319ec80/cryptography-48.0.1-cp311-abi3-manylinux_2_34_ppc64le.whl", hash = "sha256:3fd2ca57062b241c856670b073487d2e86c4637937ca5601e48f97bf8e11fc8f", size = 5258461, upload-time = "2026-06-09T22:31:04.187Z" },
    { url = "https://files.pythonhosted.org/packages/9f/13/8b765e2e12b07c74941caadb9d1c8fdc006c4dfbf2b8f2d610519758954d/cryptography-48.0.1-cp311-abi3-manylinux_2_34_x86_64.whl", hash = "sha256:0ee6ea481db1ab889cba043ec1eda17bb9c1ea79db6722f779c3667f9f70322f", size = 4745488, upload-time = "2026-06-09T22:32:30.07Z" },
    { url = "https://files.pythonhosted.org/packages/2e/aa/48972bce55049b32a94f4907eda4d75fa385aad8a39506cc2fc72196ecf0/cryptography-48.0.1-cp311-abi3-musllinux_1_2_aarch64.whl", hash = "sha256:f2ceef93cb096aa3c4cc4b5c94ca6131f9196d28c64d6111533402a9b2054d41", size = 4830256, upload-time = "2026-06-09T22:31:43.868Z" },
    { url = "https://files.pythonhosted.org/packages/47/a2/e5079a032fb85cf6005046ca92bbd78b0c82dad2b5751ab8c311659da06f/cryptography-48.0.1-cp311-abi3-musllinux_1_2_x86_64.whl", hash = "sha256:9bd3f92d76217892b15df84ca256c2c113d386fdda7a7d8691aeeced976507c6", size = 4979117, upload-time = "2026-06-09T22:31:05.845Z" },
    { url = "https://files.pythonhosted.org/packages/b7/a0/8f50cae9c74e718ed769d63ed5c74bd0ea830c9550a74629cebd1b9c7bc7/cryptography-48.0.1-cp311-abi3-win32.whl", hash = "sha256:b9a32b876490d66c8bcc9963ef220199569748434ab01a9d6aaeabf88e7f5158", size = 3304154, upload-time = "2026-06-09T22:32:16.845Z" },
    { url = "https://files.pythonhosted.org/packages/c5/69/0572c77dbace6fef72f33755bd52ea399c71367250d366237f8691826b9e/cryptography-48.0.1-cp311-abi3-win_amd64.whl", hash = "sha256:39489bfca54c7a1f6b297efcd8bc608ab92d16c4ca631b0cad4da46724588b24", size = 3817138, upload-time = "2026-06-09T22:32:00.388Z" },
    { url = "https://files.pythonhosted.org/packages/42/06/3e768b4c3bc78201583fa35a0e18f640dd782ff41afba88f8545481a8874/cryptography-48.0.1-cp314-cp314t-macosx_10_9_universal2.whl", hash = "sha256:f817adc181390bd54f2f700107a7419040fb7c1bdf2fc26f36551a06a68c3345", size = 7989830, upload-time = "2026-06-09T22:31:07.8Z" },
    { url = "https://files.pythonhosted.org/packages/8a/13/6476736484b94041110c8340a3eb63962fea4975baea8cb4a512adb44d4d/cryptography-48.0.1-cp314-cp314t-manylinux2014_aarch64.manylinux_2_17_aarch64.whl", hash = "sha256:d5d30989c6917b478b5817902e85fddaea2261efa8648383d965381ccb9e1ac4", size = 4689201, upload-time = "2026-06-09T22:31:09.745Z" },
    { url = "https://files.pythonhosted.org/packages/79/62/65a87f34d2a431546e2509b85d55e8c90df86d668f6731da64d538512ac2/cryptography-48.0.1-cp314-cp314t-manylinux2014_x86_64.manylinux_2_17_x86_64.whl", hash = "sha256:df637c05205ea7c1d7fbcbe54bbfea648a52951155f997af13d895d0ecc96991", size = 4702822, upload-time = "2026-06-09T22:32:24.409Z" },
    { url = "https://files.pythonhosted.org/packages/7f/59/810b5204b0a9b10f4b6bc06bd551a8b609803cd931806bc3b71884b225e5/cryptography-48.0.1-cp314-cp314t-manylinux_2_28_aarch64.whl", hash = "sha256:869c3b8a53bfe27147832df48b32adadf558249d50e76cb3769d40e986b13265", size = 4694875, upload-time = "2026-06-09T22:32:08.737Z" },
    { url = "https://files.pythonhosted.org/packages/24/dc/d8ca05ffea724eec6d232ea6f18e74c269eb6bdfdcc9bfba689790d1325f/cryptography-48.0.1-cp314-cp314t-manylinux_2_28_ppc64le.whl", hash = "sha256:e361afba8918070d376df76f408a4f67fec0ee9cff81a99e48fe9a233ef59e17", size = 5290385, upload-time = "2026-06-09T22:31:15.212Z" },
    { url = "https://files.pythonhosted.org/packages/03/8c/3be6cb4da181f5bb6c19cf560c2359d60644a6b5fc5b57854e528f47b296/cryptography-48.0.1-cp314-cp314t-manylinux_2_28_x86_64.whl", hash = "sha256:d069066deead00ac7f090be101be875a06855908f7ec004c27b8fefb4acfb411", size = 4737082, upload-time = "2026-06-09T22:32:22.66Z" },
    { url = "https://files.pythonhosted.org/packages/aa/f6/d5f60a5a1434dbfd949e227fd0065d194c7e6b6ac526b17f5c06152b8231/cryptography-48.0.1-cp314-cp314t-manylinux_2_31_armv7l.whl", hash = "sha256:09f73a725d582cef64b91281a322cd798d14a33b2b6f2b7ad9531dc336d84c02", size = 4325328, upload-time = "2026-06-09T22:32:10.777Z" },
    { url = "https://files.pythonhosted.org/packages/17/b7/ba75dd947a14b6ad907b01ae8f6b5b348cdd1b48142f0063dee9e20c1d9d/cryptography-48.0.1-cp314-cp314t-manylinux_2_34_aarch64.whl", hash = "sha256:15254441469dd6bf027039453288e2072124f8b6603563f5d759e1c9b69273fa", size = 4694530, upload-time = "2026-06-09T22:31:53.105Z" },
    { url = "https://files.pythonhosted.org/packages/62/29/50d6b9e8aff12d8b67afaeb3569335e32dc83a5723e3bbded24fdac9f809/cryptography-48.0.1-cp314-cp314t-manylinux_2_34_ppc64le.whl", hash = "sha256:8ace4507d1e6533c125f4fac754f8bb8b6a74c08e92179dabd7e16571a3efbf3", size = 5245046, upload-time = "2026-06-09T22:31:25.774Z" },
    { url = "https://files.pythonhosted.org/packages/9f/04/618f4115cfc0add0838c82507aa18a346089428da8653ad38b3ff36f5cb3/cryptography-48.0.1-cp314-cp314t-manylinux_2_34_x86_64.whl", hash = "sha256:b4e391975f038e66432328639620a4aff2d307513b004f1ca06d6225bced815c", size = 4736660, upload-time = "2026-06-09T22:32:12.676Z" },
    { url = "https://files.pythonhosted.org/packages/24/9c/06e062462a0de28a3b3911322eded4c16deb9f441b1b7575d3dc59488ab5/cryptography-48.0.1-cp314-cp314t-musllinux_1_2_aarch64.whl", hash = "sha256:42fcd8e26fe555d9b3577a135f5091fefa0aa4e99129c23fb56787a1bd4ada72", size = 4822229, upload-time = "2026-06-09T22:31:17.062Z" },
    { url = "https://files.pythonhosted.org/packages/f4/be/0561971eaaee4b8a0e7d5113c536921063ab91aaf23278ac374eaf881e11/cryptography-48.0.1-cp314-cp314t-musllinux_1_2_x86_64.whl", hash = "sha256:c1400da5e32a43253392277eac7490a60e497d810a63dd5608d71bbd7af507c9", size = 4966364, upload-time = "2026-06-09T22:31:32.842Z" },
    { url = "https://files.pythonhosted.org/packages/a4/27/728c77876f12b000820b69ae490f3c4083775e79e07827e9e60be07ad209/cryptography-48.0.1-cp314-cp314t-win32.whl", hash = "sha256:0df56b056bc17c1b7d6821dfa65216e62bd232d8ab05eb3db44e71d235651471", size = 3278498, upload-time = "2026-06-09T22:31:29.154Z" },
    { url = "https://files.pythonhosted.org/packages/06/e3/79a612c6d7b1e6ee0edd43633d53035bec2cfb78c82b76f7864f39e36f34/cryptography-48.0.1-cp314-cp314t-win_amd64.whl", hash = "sha256:9de21387aa95e2a895823d0745b430bed4f33503ba9ab5e0b5311f33e37d66d2", size = 3798790, upload-time = "2026-06-09T22:31:56.697Z" },
    { url = "https://files.pythonhosted.org/packages/ca/6c/00fa2a95997164c8b2072ce327c23d4ab20809ccc323ea5fab91e53a4bba/cryptography-48.0.1-cp39-abi3-macosx_10_9_universal2.whl", hash = "sha256:4fdc69f8e4316bcf0c8c8ec1f26f285d12e8142d88d96c876a59a03be3f6ae67", size = 7987408, upload-time = "2026-06-09T22:32:20.777Z" },
    { url = "https://files.pythonhosted.org/packages/b0/d9/45f309a7e4e5f3f8f121d6d3be9e94024a7726ec598d6e08ae04edb2f04d/cryptography-48.0.1-cp39-abi3-manylinux2014_aarch64.manylinux_2_17_aarch64.whl", hash = "sha256:48fe40804d4caa2288f24e70ca8c64c42dd826da0ad7e4f1b41b2128d679e6c8", size = 4690196, upload-time = "2026-06-09T22:31:54.74Z" },
    { url = "https://files.pythonhosted.org/packages/5f/9f/a1bc8bcc798811b8527eb374bbccf30a3f3e806829d967118222bf1125eb/cryptography-48.0.1-cp39-abi3-manylinux2014_x86_64.manylinux_2_17_x86_64.whl", hash = "sha256:86be3b1b0b6bf09482fb50a979c508d2950ed95f5621ec77f4e385962006b83a", size = 4696782, upload-time = "2026-06-09T22:31:45.615Z" },
    { url = "https://files.pythonhosted.org/packages/66/c2/81a4fb4e4373c500bb526bc337ac5719dd31dd15b970b84a238168c6aa08/cryptography-48.0.1-cp39-abi3-manylinux_2_28_aarch64.whl", hash = "sha256:4ab0a343c807bbcd90c971cd1ecf072937cd01847a9e002bef88fb47ac6be577", size = 4696618, upload-time = "2026-06-09T22:31:11.564Z" },
    { url = "https://files.pythonhosted.org/packages/e5/0b/aa68b221dde92d09cb29a024ede17550ee21e77a404e59fc093c82bb51e1/cryptography-48.0.1-cp39-abi3-manylinux_2_28_ppc64le.whl", hash = "sha256:9621de99d2da096006b629979efd8ae7eb2d8b822488d0c89ee4000c306c59b1", size = 5289970, upload-time = "2026-06-09T22:31:20.368Z" },
    { url = "https://files.pythonhosted.org/packages/78/13/fba657f958d2af66ea959a4ba01212632089249d34af1ae48054136344d7/cryptography-48.0.1-cp39-abi3-manylinux_2_28_x86_64.whl", hash = "sha256:88c852a0ae366e262e5a1744b685e6a433dc8788dd2a277e418bf4904203609d", size = 4731873, upload-time = "2026-06-09T22:31:22.253Z" },
    { url = "https://files.pythonhosted.org/packages/4c/4c/9a964756d24a26b3e34dfcb16f961b89838786e6700b635b0d1e3adff4b6/cryptography-48.0.1-cp39-abi3-manylinux_2_31_armv7l.whl", hash = "sha256:43c5835e2cb98c8733d86f57d6fc879b613f5c3478607281c3e36daffc6dd8a6", size = 4330804, upload-time = "2026-06-09T22:31:36.56Z" },
    { url = "https://files.pythonhosted.org/packages/4b/0f/a10f3a6eb12950a10e3a874070283aa2dd5875b2bfd15fad8a3e17b3f13e/cryptography-48.0.1-cp39-abi3-manylinux_2_34_aarch64.whl", hash = "sha256:fe0180af5bf9236518a087e35bf2d9a347d5f5f51e63c579d683ddff424e3d46", size = 4696217, upload-time = "2026-06-09T22:31:13.351Z" },
    { url = "https://files.pythonhosted.org/packages/f3/6f/5cd12f951165ea73ef85266775d97e4c763b2474ccfd816dd69d3a18d6f8/cryptography-48.0.1-cp39-abi3-manylinux_2_34_ppc64le.whl", hash = "sha256:b7a2d1a937a738a881737cec135a38bb61470589b17515b9f73f571d0ae10401", size = 5245252, upload-time = "2026-06-09T22:32:02.193Z" },
    { url = "https://files.pythonhosted.org/packages/68/ab/8aaa12e4516ec4464033ab79b6f3b592bd5a92102467c4ace8a0d970203f/cryptography-48.0.1-cp39-abi3-manylinux_2_34_x86_64.whl", hash = "sha256:b74ca3b8e5ecdd833bf6a002ca41b4793bb27fb8f1c06ffaf2643c9e9140e31b", size = 4731388, upload-time = "2026-06-09T22:32:04.019Z" },
    { url = "https://files.pythonhosted.org/packages/1b/24/50027ea4dca85ec1f40688f3c24fb32ccacd520583c9592c3cc95628e6fb/cryptography-48.0.1-cp39-abi3-musllinux_1_2_aarch64.whl", hash = "sha256:2c37f2461406063b417837f5f3daab668652acd82423efcd7f0a9f04be972de1", size = 4824186, upload-time = "2026-06-09T22:32:18.707Z" },
    { url = "https://files.pythonhosted.org/packages/52/41/04cb5eb17085ade6f50cc611fb657df6a0f5885350de8764ece89c050197/cryptography-48.0.1-cp39-abi3-musllinux_1_2_x86_64.whl", hash = "sha256:86fe77abb1bd87afb251d4d02ada7ecf53a32cee9b67d976abb2e45a13297475", size = 4964539, upload-time = "2026-06-09T22:31:18.793Z" },
    { url = "https://files.pythonhosted.org/packages/36/bf/ed70785c496e89d7e73b7cda2d21f2447fd6d4e821714b8d04ff217fed92/cryptography-48.0.1-cp39-abi3-win32.whl", hash = "sha256:6b2c0c3e6ccf3ade7750f836ef3ee36eea250cc467d45c256895573ac08cc6f1", size = 3282307, upload-time = "2026-06-09T22:30:53.162Z" },
    { url = "https://files.pythonhosted.org/packages/b3/ff/371ea7d252656ee1eb6d83eeeef3d1d0c6baf1d6497687d081ea03814670/cryptography-48.0.1-cp39-abi3-win_amd64.whl", hash = "sha256:9a49ca6c81417f6a5edb50375a60cccdd70fa0a91a5211829dbea74eba94d2ac", size = 3793408, upload-time = "2026-06-09T22:32:15.191Z" },
]

[[package]]
name = "flatbuffers"
version = "25.12.19"
source = { registry = "https://pypi.org/simple" }
wheels = [
    { url = "https://files.pythonhosted.org/packages/e8/2d/d2a548598be01649e2d46231d151a6c56d10b964d94043a335ae56ea2d92/flatbuffers-25.12.19-py2.py3-none-any.whl", hash = "sha256:7634f50c427838bb021c2d66a3d1168e9d199b0607e6329399f04846d42e20b4", size = 26661, upload-time = "2025-12-19T23:16:13.622Z" },
]

[[package]]
name = "iniconfig"
version = "2.3.0"
source = { registry = "https://pypi.org/simple" }
sdist = { url = "https://files.pythonhosted.org/packages/72/34/14ca021ce8e5dfedc35312d08ba8bf51fdd999c576889fc2c24cb97f4f10/iniconfig-2.3.0.tar.gz", hash = "sha256:c76315c77db068650d49c5b56314774a7804df16fee4402c1f19d6d15d8c4730", size = 20503, upload-time = "2025-10-18T21:55:43.219Z" }
wheels = [
    { url = "https://files.pythonhosted.org/packages/cb/b1/3846dd7f199d53cb17f49cba7e651e9ce294d8497c8c150530ed11865bb8/iniconfig-2.3.0-py3-none-any.whl", hash = "sha256:f631c04d2c48c52b84d0d0549c99ff3859c98df65b3101406327ecc7d53fbf12", size = 7484, upload-time = "2025-10-18T21:55:41.639Z" },
]

[[package]]
name = "markdown-it-py"
version = "4.2.0"
source = { registry = "https://pypi.org/simple" }
dependencies = [
    { name = "mdurl" },
]
sdist = { url = "https://files.pythonhosted.org/packages/06/ff/7841249c247aa650a76b9ee4bbaeae59370dc8bfd2f6c01f3630c35eb134/markdown_it_py-4.2.0.tar.gz", hash = "sha256:04a21681d6fbb623de53f6f364d352309d4094dd4194040a10fd51833e418d49", size = 82454, upload-time = "2026-05-07T12:08:28.36Z" }
wheels = [
    { url = "https://files.pythonhosted.org/packages/b3/81/4da04ced5a082363ecfa159c010d200ecbd959ae410c10c0264a38cac0f5/markdown_it_py-4.2.0-py3-none-any.whl", hash = "sha256:9f7ebbcd14fe59494226453aed97c1070d83f8d24b6fc3a3bcf9a38092641c4a", size = 91687, upload-time = "2026-05-07T12:08:27.182Z" },
]

[[package]]
name = "mdurl"
version = "0.1.2"
source = { registry = "https://pypi.org/simple" }
sdist = { url = "https://files.pythonhosted.org/packages/d6/54/cfe61301667036ec958cb99bd3efefba235e65cdeb9c84d24a8293ba1d90/mdurl-0.1.2.tar.gz", hash = "sha256:bb413d29f5eea38f31dd4754dd7377d4465116fb207585f97bf925588687c1ba", size = 8729, upload-time = "2022-08-14T12:40:10.846Z" }
wheels = [
    { url = "https://files.pythonhosted.org/packages/b3/38/89ba8ad64ae25be8de66a6d463314cf1eb366222074cfda9ee839c56a4b4/mdurl-0.1.2-py3-none-any.whl", hash = "sha256:84008a41e51615a49fc9966191ff91509e3c40b939176e643fd50a5c2196b8f8", size = 9979, upload-time = "2022-08-14T12:40:09.779Z" },
]

[[package]]
name = "mirage"
version = "0.1.0"
source = { editable = "." }
dependencies = [
    { name = "click" },
    { name = "cryptography" },
    { name = "numpy" },
    { name = "onnxruntime" },
    { name = "opencv-python-headless" },
    { name = "rich" },
    { name = "tomlkit" },
    { name = "tpm2-pytss" },
]

[package.dev-dependencies]
dev = [
    { name = "pytest" },
]

[package.metadata]
requires-dist = [
    { name = "click", specifier = ">=8.4.1" },
    { name = "cryptography", specifier = ">=48.0.1" },
    { name = "numpy", specifier = ">=2.4.6" },
    { name = "onnxruntime", specifier = ">=1.26.0" },
    { name = "opencv-python-headless", specifier = ">=4.13.0.92" },
    { name = "rich", specifier = ">=15.0.0" },
    { name = "tomlkit", specifier = ">=0.15.1" },
    { name = "tpm2-pytss", specifier = ">=3.0.0" },
]

[package.metadata.requires-dev]
dev = [{ name = "pytest", specifier = ">=9.1.1" }]

[[package]]
name = "numpy"
version = "2.4.6"
source = { registry = "https://pypi.org/simple" }
sdist = { url = "https://files.pythonhosted.org/packages/d0/ad/fed0499ce6a338d2a03ebae59cd15093910c8875328855781952abf6c2fe/numpy-2.4.6.tar.gz", hash = "sha256:f3a3570c4a2a16746ac2c31a7c7c7b0c186b95ce902e33db6f28094ed7387dda", size = 20735807, upload-time = "2026-05-18T23:37:14.07Z" }
wheels = [
    { url = "https://files.pythonhosted.org/packages/f8/91/3ab2044d05fd16d343c5ac2e69b127f1b2854040dd20b193257c78028bd3/numpy-2.4.6-cp314-cp314-macosx_10_15_x86_64.whl", hash = "sha256:06ca2f61ec4385a07a6977c55ba998a4466c123642b4a32694d3128fce18c079", size = 16683458, upload-time = "2026-05-18T23:35:38.353Z" },
    { url = "https://files.pythonhosted.org/packages/8e/62/764ce66fa4147ae6d73071a3abf804ffe606f174618697c571acdf26a7c9/numpy-2.4.6-cp314-cp314-macosx_11_0_arm64.whl", hash = "sha256:38efbc8de75c7a0fc1ac190162d892787f3f47b57cc291231aafee36b80982b7", size = 14704559, upload-time = "2026-05-18T23:35:42.14Z" },
    { url = "https://files.pythonhosted.org/packages/60/61/23f27c172f022e04025b7dc2367f4d63c1a398120607ec896228649a6f48/numpy-2.4.6-cp314-cp314-macosx_14_0_arm64.whl", hash = "sha256:d581b735e177fdcdce6fed8e7e8880a3fb6ee4e3653a3ac6af01c6f4c03effc5", size = 5209716, upload-time = "2026-05-18T23:35:45.377Z" },
    { url = "https://files.pythonhosted.org/packages/03/71/21cf70dc6ea3e3acb95fc53a265b2fc248b981f0194ceb5b475271b8809d/numpy-2.4.6-cp314-cp314-macosx_14_0_x86_64.whl", hash = "sha256:0a041d3d761dc3c35cc56ce0351506a02bcbc25f7b169f652435141a17db9096", size = 6543947, upload-time = "2026-05-18T23:35:47.926Z" },
    { url = "https://files.pythonhosted.org/packages/d5/91/64288395ee1799bd2e0b04a305dce9666da90c961e1f3fe982a05ee1c036/numpy-2.4.6-cp314-cp314-manylinux_2_27_aarch64.manylinux_2_28_aarch64.whl", hash = "sha256:40fdc1ae7125e518ea98e53e69a4ebc27e1fd50510c47b7ea130cf21e5e1d42b", size = 15685197, upload-time = "2026-05-18T23:35:50.863Z" },
    { url = "https://files.pythonhosted.org/packages/f3/eb/ebffaa97dc55502df69584a8f0dcf07f69a3e0b3e2323670a2722db9aa39/numpy-2.4.6-cp314-cp314-manylinux_2_27_x86_64.manylinux_2_28_x86_64.whl", hash = "sha256:a2c306dea656c12c68f51f4cea133cbe78ca7435eb28c735eac1d3ebe73be6e8", size = 16638245, upload-time = "2026-05-18T23:35:54.752Z" },
    { url = "https://files.pythonhosted.org/packages/b8/0b/54f9da33128d7e350fab89c7455902eeae70349ee52bddb448dc4a576f45/numpy-2.4.6-cp314-cp314-musllinux_1_2_aarch64.whl", hash = "sha256:33111801a01c12a8a1e3721f0a9232f8cfc8ae2c6b7098167e6f623c6073f402", size = 17036587, upload-time = "2026-05-18T23:35:58.355Z" },
    { url = "https://files.pythonhosted.org/packages/b6/f0/fdebc1052db1cc37c64beb22072d67cd6d1c71adca1299f53dec2b5e20d3/numpy-2.4.6-cp314-cp314-musllinux_1_2_x86_64.whl", hash = "sha256:ae506e6902902557576a26ff33eda8695e7ecb3cb36c3b573a0765dee114ebdb", size = 18363226, upload-time = "2026-05-18T23:36:02.845Z" },
    { url = "https://files.pythonhosted.org/packages/aa/b4/298628d98c72b57e57f7165ae6a481a1deaf6f3c28262a6e4c739c275930/numpy-2.4.6-cp314-cp314-win32.whl", hash = "sha256:aaf159caa35993cb1f56fb9b8e4610d35758e7ca005412eb1daa856a78c9c4b1", size = 6010196, upload-time = "2026-05-18T23:36:05.92Z" },
    { url = "https://files.pythonhosted.org/packages/df/ac/46de6dda46478f7942f839e094970be2d4a861e005c4b3bf07c92e291a09/numpy-2.4.6-cp314-cp314-win_amd64.whl", hash = "sha256:b507f5c4c1d508876d1819b6bf9a49d365b96320b5d4993426b33a23ca4b8261", size = 12450334, upload-time = "2026-05-18T23:36:09.107Z" },
    { url = "https://files.pythonhosted.org/packages/78/92/b8b798ac784102c0da830d2257d59358e3d3d90d1e2b3f2575dad976c5cf/numpy-2.4.6-cp314-cp314-win_arm64.whl", hash = "sha256:6f41ae150c4e32db4f3310cdaf64b1593a03dbabe29eec77fc9b50fe64061df6", size = 10495678, upload-time = "2026-05-18T23:36:12.766Z" },
    { url = "https://files.pythonhosted.org/packages/30/34/ec28d1aa8115971537c01469ab2011ee96827930f0a124de1000cc2a7ed7/numpy-2.4.6-cp314-cp314t-macosx_11_0_arm64.whl", hash = "sha256:ece3d2cfe132e7d51f44a832b303895e6f2d499c5e74dfbdb06ee246147a304a", size = 14823672, upload-time = "2026-05-18T23:36:16.473Z" },
    { url = "https://files.pythonhosted.org/packages/16/bd/f6d1fede4e54e8042a7ff97bb495510f3c220f94bcd9e8b228e87c92cc0d/numpy-2.4.6-cp314-cp314t-macosx_14_0_arm64.whl", hash = "sha256:e3e5193ef5a3dc73bceee50f7fdc2c90dbb76c42df8d8fae3d1067a583df579e", size = 5328731, upload-time = "2026-05-18T23:36:19.767Z" },
    { url = "https://files.pythonhosted.org/packages/f4/f0/e105b9e2fd728a9910103884decd6951d9dd73896b914a98d9a231de02ee/numpy-2.4.6-cp314-cp314t-macosx_14_0_x86_64.whl", hash = "sha256:17f9ade344e7d9b464a084d69bcf18fc691cb1db67c62ed80820bf4926d78f0e", size = 6649805, upload-time = "2026-05-18T23:36:22.266Z" },
    { url = "https://files.pythonhosted.org/packages/82/dd/1206a7ca6ab15e3f02069707ca96222e202af681bb73756da7527f3cb837/numpy-2.4.6-cp314-cp314t-manylinux_2_27_aarch64.manylinux_2_28_aarch64.whl", hash = "sha256:9cd5ffd25db4e7ba6a375693b3fc0fc1791ec636c17db3720da19bde7180ec43", size = 15730496, upload-time = "2026-05-18T23:36:25.713Z" },
    { url = "https://files.pythonhosted.org/packages/51/e7/38d3ea825dcab85a591734decb2f6c67caa7c8367d374df1a1c3842f9b07/numpy-2.4.6-cp314-cp314t-manylinux_2_27_x86_64.manylinux_2_28_x86_64.whl", hash = "sha256:7d92c3819208a60205a12a245c91ad70cb0a85336659b19b834205573ac8456e", size = 16679616, upload-time = "2026-05-18T23:36:29.652Z" },
    { url = "https://files.pythonhosted.org/packages/93/b7/caabfdf53edf663e0b4eb74d7d405d83baef09eb5e83bcd32d601d72b93e/numpy-2.4.6-cp314-cp314t-musllinux_1_2_aarch64.whl", hash = "sha256:e85b752a1e912b70eaad4fafbd4d1238007ab221de2009b9a2f5ae7461239895", size = 17085145, upload-time = "2026-05-18T23:36:33.449Z" },
    { url = "https://files.pythonhosted.org/packages/f9/45/68d7c33a6bcf3e5aa3bdbd57a367e6f615286dfd6482f97e8ffeb734306e/numpy-2.4.6-cp314-cp314t-musllinux_1_2_x86_64.whl", hash = "sha256:29cb7f67d10b479ff07c17d33e39f78c07f71c40ef30d63c153d340e96cd3fb4", size = 18403813, upload-time = "2026-05-18T23:36:37.369Z" },
    { url = "https://files.pythonhosted.org/packages/9c/50/0753655aa844c99cd9e018aacf76f130f1bd81d881bb74bc0aef5d73a8ba/numpy-2.4.6-cp314-cp314t-win32.whl", hash = "sha256:260a5d70215b61ab4fadf5c7baacd64821842975eea312125ed3c39a6391b063", size = 6156982, upload-time = "2026-05-18T23:36:40.817Z" },
    { url = "https://files.pythonhosted.org/packages/b2/d4/7c67becf668f973cb490cec3e98dfd799d866f9c989a54d355672cfa0db6/numpy-2.4.6-cp314-cp314t-win_amd64.whl", hash = "sha256:81a1cca95ed5bb92aa8b10dd2cdc9a0d3853a50fad926c28b5d7e8ea54389627", size = 12638908, upload-time = "2026-05-18T23:36:43.996Z" },
    { url = "https://files.pythonhosted.org/packages/43/bb/e1c71a4295b1b1d1393d50dbb4f2a36283c6859d9d3892e84f00ec5a91d5/numpy-2.4.6-cp314-cp314t-win_arm64.whl", hash = "sha256:0c9136e14ed34a9e343a31c533d78a9813a69a3148332bce5e9821cb2f996e66", size = 10565867, upload-time = "2026-05-18T23:36:47.114Z" },
]

[[package]]
name = "onnxruntime"
version = "1.26.0"
source = { registry = "https://pypi.org/simple" }
dependencies = [
    { name = "flatbuffers" },
    { name = "numpy" },
    { name = "packaging" },
    { name = "protobuf" },
]
wheels = [
    { url = "https://files.pythonhosted.org/packages/40/89/17546c1c20f6bfc3ae41c22152378a26edfea918af3129e2139dcd7c99f3/onnxruntime-1.26.0-cp314-cp314-macosx_14_0_arm64.whl", hash = "sha256:33a791f31432a3af1a96db5e54818b37aba5e5eefc2e6af5794c10a9118a9993", size = 18019724, upload-time = "2026-05-08T19:07:30.723Z" },
    { url = "https://files.pythonhosted.org/packages/bb/24/89457a35f6af29538a76647f2c18c3a28277e6c19234c847e7b4b7c19860/onnxruntime-1.26.0-cp314-cp314-manylinux_2_27_aarch64.manylinux_2_28_aarch64.whl", hash = "sha256:e90c00732c4553618103149d93f688e8c3063017938f8983e21a71d9f3b6d22e", size = 16054821, upload-time = "2026-05-08T19:07:22.348Z" },
    { url = "https://files.pythonhosted.org/packages/12/f9/15b2e1815cf570d238e0135529f80d2dce64e8e8818a1489cae83823c5c6/onnxruntime-1.26.0-cp314-cp314-manylinux_2_27_x86_64.manylinux_2_28_x86_64.whl", hash = "sha256:01498e80ba8988428d08c2d51b1338f89e3de2a93e6ffe555f79c68f26a5c06b", size = 18185815, upload-time = "2026-05-08T19:07:44.179Z" },
    { url = "https://files.pythonhosted.org/packages/d7/65/2e11055faf015e4b07f45b513fa49b391baf2e19d92d77d73ebee13c1004/onnxruntime-1.26.0-cp314-cp314-win_amd64.whl", hash = "sha256:7ead61450d8405167c87dd3a31d8da1d576b490a57dab1aa8b82a7da6825f5aa", size = 13349887, upload-time = "2026-05-08T19:08:08.671Z" },
    { url = "https://files.pythonhosted.org/packages/19/e4/0f9d1a5718b1781c610c1e354765a3820597081754277a6a9a2b50705702/onnxruntime-1.26.0-cp314-cp314-win_arm64.whl", hash = "sha256:31d71a53490e46910877d0902b5ad99c69a5955e5c7ea6c82863519410e1ba7c", size = 13140121, upload-time = "2026-05-08T19:07:57.804Z" },
    { url = "https://files.pythonhosted.org/packages/1c/42/3b8e635f067d06d9f45bede470b8d539d101a4166c272213158dfd08b6ce/onnxruntime-1.26.0-cp314-cp314t-manylinux_2_27_aarch64.manylinux_2_28_aarch64.whl", hash = "sha256:d7b6d258fb78fdfcf049795bcfaa74dcb90ae7baa277afd21e6fd28b83f2c496", size = 16057240, upload-time = "2026-05-08T19:07:25.163Z" },
    { url = "https://files.pythonhosted.org/packages/93/99/f2be40a31b908d96b861ae0ce98582fa376c18a7f816b9d5eb4cd6aa0a4c/onnxruntime-1.26.0-cp314-cp314t-manylinux_2_27_x86_64.manylinux_2_28_x86_64.whl", hash = "sha256:4eefd386a45202aefb7a5132b94f32df9d506c9edcc7faf2fc60d65183f4b183", size = 18197382, upload-time = "2026-05-08T19:07:46.965Z" },
]

[[package]]
name = "opencv-python-headless"
version = "4.13.0.92"
source = { registry = "https://pypi.org/simple" }
dependencies = [
    { name = "numpy" },
]
wheels = [
    { url = "https://files.pythonhosted.org/packages/79/42/2310883be3b8826ac58c3f2787b9358a2d46923d61f88fedf930bc59c60c/opencv_python_headless-4.13.0.92-cp37-abi3-macosx_13_0_arm64.whl", hash = "sha256:1a7d040ac656c11b8c38677cc8cccdc149f98535089dbe5b081e80a4e5903209", size = 46247192, upload-time = "2026-02-05T07:01:35.187Z" },
    { url = "https://files.pythonhosted.org/packages/2d/1e/6f9e38005a6f7f22af785df42a43139d0e20f169eb5787ce8be37ee7fcc9/opencv_python_headless-4.13.0.92-cp37-abi3-macosx_14_0_x86_64.whl", hash = "sha256:3e0a6f0a37994ec6ce5f59e936be21d5d6384a4556f2d2da9c2f9c5dc948394c", size = 32568914, upload-time = "2026-02-05T07:01:51.989Z" },
    { url = "https://files.pythonhosted.org/packages/21/76/9417a6aef9def70e467a5bf560579f816148a4c658b7d525581b356eda9e/opencv_python_headless-4.13.0.92-cp37-abi3-manylinux2014_aarch64.manylinux_2_17_aarch64.whl", hash = "sha256:5c8cfc8e87ed452b5cecb9419473ee5560a989859fe1d10d1ce11ae87b09a2cb", size = 33703709, upload-time = "2026-02-05T10:24:46.469Z" },
    { url = "https://files.pythonhosted.org/packages/92/ce/bd17ff5772938267fd49716e94ca24f616ff4cb1ff4c6be13085108037be/opencv_python_headless-4.13.0.92-cp37-abi3-manylinux2014_x86_64.manylinux_2_17_x86_64.whl", hash = "sha256:0525a3d2c0b46c611e2130b5fdebc94cf404845d8fa64d2f3a3b679572a5bd22", size = 56016764, upload-time = "2026-02-05T10:26:48.904Z" },
    { url = "https://files.pythonhosted.org/packages/8f/b4/b7bcbf7c874665825a8c8e1097e93ea25d1f1d210a3e20d4451d01da30aa/opencv_python_headless-4.13.0.92-cp37-abi3-manylinux_2_28_aarch64.whl", hash = "sha256:eb60e36b237b1ebd40a912da5384b348df8ed534f6f644d8e0b4f103e272ba7d", size = 35010236, upload-time = "2026-02-05T10:28:11.031Z" },
    { url = "https://files.pythonhosted.org/packages/4b/33/b5db29a6c00eb8f50708110d8d453747ca125c8b805bc437b289dbdcc057/opencv_python_headless-4.13.0.92-cp37-abi3-manylinux_2_28_x86_64.whl", hash = "sha256:0bd48544f77c68b2941392fcdf9bcd2b9cdf00e98cb8c29b2455d194763cf99e", size = 60391106, upload-time = "2026-02-05T10:30:14.236Z" },
    { url = "https://files.pythonhosted.org/packages/fb/c3/52cfea47cd33e53e8c0fbd6e7c800b457245c1fda7d61660b4ffe9596a7f/opencv_python_headless-4.13.0.92-cp37-abi3-win32.whl", hash = "sha256:a7cf08e5b191f4ebb530791acc0825a7986e0d0dee2a3c491184bd8599848a4b", size = 30812232, upload-time = "2026-02-05T07:02:29.594Z" },
    { url = "https://files.pythonhosted.org/packages/4a/90/b338326131ccb2aaa3c2c85d00f41822c0050139a4bfe723cfd95455bd2d/opencv_python_headless-4.13.0.92-cp37-abi3-win_amd64.whl", hash = "sha256:77a82fe35ddcec0f62c15f2ba8a12ecc2ed4207c17b0902c7a3151ae29f37fb6", size = 40070414, upload-time = "2026-02-05T07:02:26.448Z" },
]

[[package]]
name = "packaging"
version = "26.2"
source = { registry = "https://pypi.org/simple" }
sdist = { url = "https://files.pythonhosted.org/packages/d7/f1/e7a6dd94a8d4a5626c03e4e99c87f241ba9e350cd9e6d75123f992427270/packaging-26.2.tar.gz", hash = "sha256:ff452ff5a3e828ce110190feff1178bb1f2ea2281fa2075aadb987c2fb221661", size = 228134, upload-time = "2026-04-24T20:15:23.917Z" }
wheels = [
    { url = "https://files.pythonhosted.org/packages/df/b2/87e62e8c3e2f4b32e5fe99e0b86d576da1312593b39f47d8ceef365e95ed/packaging-26.2-py3-none-any.whl", hash = "sha256:5fc45236b9446107ff2415ce77c807cee2862cb6fac22b8a73826d0693b0980e", size = 100195, upload-time = "2026-04-24T20:15:22.081Z" },
]

[[package]]
name = "pluggy"
version = "1.6.0"
source = { registry = "https://pypi.org/simple" }
sdist = { url = "https://files.pythonhosted.org/packages/f9/e2/3e91f31a7d2b083fe6ef3fa267035b518369d9511ffab804f839851d2779/pluggy-1.6.0.tar.gz", hash = "sha256:7dcc130b76258d33b90f61b658791dede3486c3e6bfb003ee5c9bfb396dd22f3", size = 69412, upload-time = "2025-05-15T12:30:07.975Z" }
wheels = [
    { url = "https://files.pythonhosted.org/packages/54/20/4d324d65cc6d9205fabedc306948156824eb9f0ee1633355a8f7ec5c66bf/pluggy-1.6.0-py3-none-any.whl", hash = "sha256:e920276dd6813095e9377c0bc5566d94c932c33b27a3e3945d8389c374dd4746", size = 20538, upload-time = "2025-05-15T12:30:06.134Z" },
]

[[package]]
name = "protobuf"
version = "7.35.0"
source = { registry = "https://pypi.org/simple" }
sdist = { url = "https://files.pythonhosted.org/packages/60/fd/5b1491d9e4b586d621c54f4c36b888714164b6875f8d6afa3f9072906a51/protobuf-7.35.0.tar.gz", hash = "sha256:a2efd84605f41e559f1881b0912b44099d0a2ac9bf46b3474823f10fb393b0e6", size = 458677, upload-time = "2026-05-19T23:02:29.197Z" }
wheels = [
    { url = "https://files.pythonhosted.org/packages/83/ee/93d06e358a4aa32280b00e722d3ea0a1f25fc3cc5778d80581c9cca2c10e/protobuf-7.35.0-cp310-abi3-macosx_10_9_universal2.whl", hash = "sha256:66be6c513931c794fa92c080ffee41671390da3d79da219cf9c0c0907f035dda", size = 433225, upload-time = "2026-05-19T23:02:19.884Z" },
    { url = "https://files.pythonhosted.org/packages/8b/39/1c76c2da93f3c507e958e0aecee2391cc44d4625de6c728bbc555195b5a8/protobuf-7.35.0-cp310-abi3-manylinux2014_aarch64.whl", hash = "sha256:fcbe42a4ac09d3ec9c987ddfcd956afd0b15f1ff613bd8371bde9405ffd5c8e5", size = 328847, upload-time = "2026-05-19T23:02:22.3Z" },
    { url = "https://files.pythonhosted.org/packages/91/1a/39f7ce90a238c1a987a4d81ec26379e02ca0aff367de68e4a1fa474215b9/protobuf-7.35.0-cp310-abi3-manylinux2014_s390x.whl", hash = "sha256:4cbf5cc286130e06a6c9bbefac442431173906dfcc979712183d4adcc01b37ee", size = 344030, upload-time = "2026-05-19T23:02:23.591Z" },
    { url = "https://files.pythonhosted.org/packages/70/5b/6baf9008817964454055ff3fe65f1de0b5f1e26c80c82f7fb108b7cd4ea3/protobuf-7.35.0-cp310-abi3-manylinux2014_x86_64.whl", hash = "sha256:6c0f98f10c8a05ea30f8993dfef2de093d27b490fdae78bb60c8343795d55011", size = 327130, upload-time = "2026-05-19T23:02:24.637Z" },
    { url = "https://files.pythonhosted.org/packages/8e/e5/e46adb0badc388bfb84877a5f9f026aff63f60e611016cf64dbe77e05446/protobuf-7.35.0-cp310-abi3-win32.whl", hash = "sha256:4c4617b83ade0e279d1d2bfe04025a1adb87f9ed657de038620dc0ff959357f6", size = 428946, upload-time = "2026-05-19T23:02:25.741Z" },
    { url = "https://files.pythonhosted.org/packages/a7/ab/547fbd9e16d879dd13c167478f8ae0a83a428008ca07a5e06acdc23ad473/protobuf-7.35.0-cp310-abi3-win_amd64.whl", hash = "sha256:f05bcadf9a2a6b8dda047007075135fb7d08c73d9177aabc067e1be46881a201", size = 439996, upload-time = "2026-05-19T23:02:26.808Z" },
    { url = "https://files.pythonhosted.org/packages/b8/ef/50433d346c56657a70d27f156c7b349ac59a068b01de4eb796e747eecc43/protobuf-7.35.0-py3-none-any.whl", hash = "sha256:c13f325cf242bad135c350629eeb5d54b24228eb472fb3e2e9ebbd4c5dc20ca0", size = 171659, upload-time = "2026-05-19T23:02:27.842Z" },
]

[[package]]
name = "pycparser"
version = "3.0"
source = { registry = "https://pypi.org/simple" }
sdist = { url = "https://files.pythonhosted.org/packages/1b/7d/92392ff7815c21062bea51aa7b87d45576f649f16458d78b7cf94b9ab2e6/pycparser-3.0.tar.gz", hash = "sha256:600f49d217304a5902ac3c37e1281c9fe94e4d0489de643a9504c5cdfdfc6b29", size = 103492, upload-time = "2026-01-21T14:26:51.89Z" }
wheels = [
    { url = "https://files.pythonhosted.org/packages/0c/c3/44f3fbbfa403ea2a7c779186dc20772604442dde72947e7d01069cbe98e3/pycparser-3.0-py3-none-any.whl", hash = "sha256:b727414169a36b7d524c1c3e31839a521725078d7b2ff038656844266160a992", size = 48172, upload-time = "2026-01-21T14:26:50.693Z" },
]

[[package]]
name = "pygments"
version = "2.21.0"
source = { registry = "https://pypi.org/simple" }
sdist = { url = "https://files.pythonhosted.org/packages/49/2e/ced460408999b33da6b31b0021b0f37d329e202d4169aeb164493778f25b/pygments-2.21.0.tar.gz", hash = "sha256:610ca751c9bc2492b38eb9a38a7fbc93edbbb2d7182edaf34e66ae493dee5c8c", size = 5005329, upload-time = "2026-08-17T08:02:48.824Z" }
wheels = [
    { url = "https://files.pythonhosted.org/packages/71/46/17f022dd3e953bf20a04a028a21ec746d942f8d2af30fa0f124fa0e6a684/pygments-2.21.0-py3-none-any.whl", hash = "sha256:2363c69b61c4a97c838da3b130dcd6468f4848992b21a82f2a63ec34377137d9", size = 1250147, upload-time = "2026-08-17T08:02:44.912Z" },
]

[[package]]
name = "pytest"
version = "9.1.1"
source = { registry = "https://pypi.org/simple" }
dependencies = [
    { name = "colorama", marker = "sys_platform == 'win32'" },
    { name = "iniconfig" },
    { name = "packaging" },
    { name = "pluggy" },
    { name = "pygments" },
]
sdist = { url = "https://files.pythonhosted.org/packages/e4/47/b9efed96c114afcfa3c9d3fe98a76a1d14c74a9e266d397cf6eb64be5e01/pytest-9.1.1.tar.gz", hash = "sha256:1088fbde8f2b49d95a549a195707afa7a76a3ce9bcadc26b6d71f0ffda5fe313", size = 1636369, upload-time = "2026-06-19T10:58:32.857Z" }
wheels = [
    { url = "https://files.pythonhosted.org/packages/24/25/1de2678b631f5a49215c6c96fff41ba892b0a34df68d6d80292b1b48aa7f/pytest-9.1.1-py3-none-any.whl", hash = "sha256:37a86b45efb9a47a61a36449063e8e18d0cab3161329fc099eb21783169c4f0c", size = 386536, upload-time = "2026-06-19T10:58:31.347Z" },
]

[[package]]
name = "rich"
version = "15.0.0"
source = { registry = "https://pypi.org/simple" }
dependencies = [
    { name = "markdown-it-py" },
    { name = "pygments" },
]
sdist = { url = "https://files.pythonhosted.org/packages/c0/8f/0722ca900cc807c13a6a0c696dacf35430f72e0ec571c4275d2371fca3e9/rich-15.0.0.tar.gz", hash = "sha256:edd07a4824c6b40189fb7ac9bc4c52536e9780fbbfbddf6f1e2502c31b068c36", size = 230680, upload-time = "2026-04-12T08:24:00.75Z" }
wheels = [
    { url = "https://files.pythonhosted.org/packages/82/3b/64d4899d73f91ba49a8c18a8ff3f0ea8f1c1d75481760df8c68ef5235bf5/rich-15.0.0-py3-none-any.whl", hash = "sha256:33bd4ef74232fb73fe9279a257718407f169c09b78a87ad3d296f548e27de0bb", size = 310654, upload-time = "2026-04-12T08:24:02.83Z" },
]

[[package]]
name = "tomlkit"
version = "0.15.1"
source = { registry = "https://pypi.org/simple" }
sdist = { url = "https://files.pythonhosted.org/packages/94/96/e07752635b98536177fa1f37671c8f3cdde2e724c6bcf6034b2cfb571565/tomlkit-0.15.1.tar.gz", hash = "sha256:e25bbf38843005246210a12982776f27f99cb9be67160e14434d0c0d21ee1e97", size = 180129, upload-time = "2026-07-17T01:48:04.562Z" }
wheels = [
    { url = "https://files.pythonhosted.org/packages/13/bc/8c13eb66537dce1d2bd3a57132902f38d0e7f5bb46fa9f4daed9fe9d76ee/tomlkit-0.15.1-py3-none-any.whl", hash = "sha256:177a05aece5a8ca5266fd3c448abb47b8d352f09d477d3ca8332db4d89b24304", size = 49449, upload-time = "2026-07-17T01:48:05.728Z" },
]

[[package]]
name = "tpm2-pytss"
version = "3.0.0"
source = { registry = "https://pypi.org/simple" }
dependencies = [
    { name = "cffi" },
    { name = "cryptography" },
    { name = "packaging" },
]
sdist = { url = "https://files.pythonhosted.org/packages/39/47/7d7089c88e5c73bdef6ca85d6bdb00cdfd655fb59f9cb2b1011557ce7533/tpm2_pytss-3.0.0.tar.gz", hash = "sha256:c193cf1908b482f93c4aa464132920fe3a37d4b9d802e267974ff2dfe37d4433", size = 215519, upload-time = "2026-08-16T06:26:12.823Z" }
